// !$*UTF8*$!
{
	archiveVersion = 1;
	classes = {
	};
	objectVersion = 46;
	objects = {

/* Begin PBXBuildFile section */
		39FAE3F71B4FC558000506CC /* main.m in Sources */ = {isa = PBXBuildFile; fileRef = 39FAE3F61B4FC558000506CC /* main.m */; };
		39FAE3FA1B4FC558000506CC /* AppDelegate.m in Sources */ = {isa = PBXBuildFile; fileRef = 39FAE3F91B4FC558000506CC /* AppDelegate.m */; };
		39FAE3FD1B4FC558000506CC /* TableViewController.m in Sources */ = {isa = PBXBuildFile; fileRef = 39FAE3FC1B4FC558000506CC /* TableViewController.m */; };
		39FAE4021B4FC558000506CC /* Images.xcassets in Resources */ = {isa = PBXBuildFile; fileRef = 39FAE4011B4FC558000506CC /* Images.xcassets */; };
		39FAE4051B4FC558000506CC /* LaunchScreen.xib in Resources */ = {isa = PBXBuildFile; fileRef = 39FAE4031B4FC558000506CC /* LaunchScreen.xib */; };
		39FAE4111B4FC558000506CC /* musicPlayerTests.m in Sources */ = {isa = PBXBuildFile; fileRef = 39FAE4101B4FC558000506CC /* musicPlayerTests.m */; };
		39FAE41D1B4FC7BF000506CC /* MPController.m in Sources */ = {isa = PBXBuildFile; fileRef = 39FAE41C1B4FC7BF000506CC /* MPController.m */; };
		39FAE41F1B4FCDB3000506CC /* 梁静茹 - 温柔.mp3 in Resources */ = {isa = PBXBuildFile; fileRef = 39FAE41E1B4FCDB3000506CC /* 梁静茹 - 温柔.mp3 */; };
/* End PBXBuildFile section */

/* Begin PBXContainerItemProxy section */
		39FAE40B1B4FC558000506CC /* PBXContainerItemProxy */ = {
			isa = PBXContainerItemProxy;
			containerPortal = 39FAE3E91B4FC558000506CC /* Project object */;
			proxyType = 1;
			remoteGlobalIDString = 39FAE3F01B4FC558000506CC;
			remoteInfo = musicPlayer;
		};
/* End PBXContainerItemProxy section */

/* Begin PBXFileReference section */
		39FAE3F11B4FC558000506CC /* musicPlayer.app */ = {isa = PBXFileReference; explicitFileType = wrapper.application; includeInIndex = 0; path = musicPlayer.app; sourceTree = BUILT_PRODUCTS_DIR; };
		39FAE3F51B4FC558000506CC /* Info.plist */ = {isa = PBXFileReference; lastKnownFileType = text.plist.xml; path = Info.plist; sourceTree = "<group>"; };
		39FAE3F61B4FC558000506CC /* main.m */ = {isa = PBXFileReference; lastKnownFileType = sourcecode.c.objc; path = main.m; sourceTree = "<group>"; };
		39FAE3F81B4FC558000506CC /* AppDelegate.h */ = {isa = PBXFileReference; lastKnownFileType = sourcecode.c.h; path = AppDelegate.h; sourceTree = "<group>"; };
		39FAE3F91B4FC558000506CC /* AppDelegate.m */ = {isa = PBXFileReference; lastKnownFileType = sourcecode.c.objc; path = AppDelegate.m; sourceTree = "<group>"; };
		39FAE3FB1B4FC558000506CC /* TableViewController.h */ = {isa = PBXFileReference; lastKnownFileType = sourcecode.c.h; path = TableViewController.h; sourceTree = "<group>"; };
		39FAE3FC1B4FC558000506CC /* TableViewController.m */ = {isa = PBXFileReference; lastKnownFileType = sourcecode.c.objc; path = TableViewController.m; sourceTree = "<group>"; };
		39FAE4011B4FC558000506CC /* Images.xcassets */ = {isa = PBXFileReference; lastKnownFileType = folder.assetcatalog; path = Images.xcassets; sourceTree = "<group>"; };
		39FAE4041B4FC558000506CC /* Base */ = {isa = PBXFileReference; lastKnownFileType = file.xib; name = Base; path = Base.lproj/LaunchScreen.xib; sourceTree = "<group>"; };
		39FAE40A1B4FC558000506CC /* musicPlayerTests.xctest */ = {isa = PBXFileReference; explicitFileType = wrapper.cfbundle; includeInIndex = 0; path = musicPlayerTests.xctest; sourceTree = BUILT_PRODUCTS_DIR; };
		39FAE40F1B4FC558000506CC /* Info.plist */ = {isa = PBXFileReference; lastKnownFileType = text.plist.xml; path = Info.plist; sourceTree = "<group>"; };
		39FAE4101B4FC558000506CC /* musicPlayerTests.m */ = {isa = PBXFileReference; lastKnownFileType = sourcecode.c.objc; path = musicPlayerTests.m; sourceTree = "<group>"; };
		39FAE41B1B4FC7BF000506CC /* MPController.h */ = {isa = PBXFileReference; fileEncoding = 4; lastKnownFileType = sourcecode.c.h; path = MPController.h; sourceTree = "<group>"; };
		39FAE41C1B4FC7BF000506CC /* MPController.m */ = {isa = PBXFileReference; fileEncoding = 4; lastKnownFileType = sourcecode.c.objc; path = MPController.m; sourceTree = "<group>"; };
		39FAE41E1B4FCDB3000506CC /* 梁静茹 - 温柔.mp3 */ = {isa = PBXFileReference; lastKnownFileType = audio.mp3; path = "梁静茹 - 温柔.mp3"; sourceTree = "<group>"; };
/* End PBXFileReference section */

/* Begin PBXFrameworksBuildPhase section */
		39FAE3EE1B4FC558000506CC /* Frameworks */ = {
			isa = PBXFrameworksBuildPhase;
			buildActionMask = 2147483647;
			files = (
			);
			runOnlyForDeploymentPostprocessing = 0;
		};
		39FAE4071B4FC558000506CC /* Frameworks */ = {
			isa = PBXFrameworksBuildPhase;
			buildActionMask = 2147483647;
			files = (
			);
			runOnlyForDeploymentPostprocessing = 0;
		};
/* End PBXFrameworksBuildPhase section */

/* Begin PBXGroup section */
		39FAE3E81B4FC558000506CC = {
			isa = PBXGroup;
			children = (
				39FAE3F31B4FC558000506CC /* musicPlayer */,
				39FAE40D1B4FC558000506CC /* musicPlayerTests */,
				39FAE3F21B4FC558000506CC /* Products */,
			);
			sourceTree = "<group>";
		};
		39FAE3F21B4FC558000506CC /* Products */ = {
			isa = PBXGroup;
			children = (
				39FAE3F11B4FC558000506CC /* musicPlayer.app */,
				39FAE40A1B4FC558000506CC /* musicPlayerTests.xctest */,
			);
			name = Products;
			sourceTree = "<group>";
		};
		39FAE3F31B4FC558000506CC /* musicPlayer */ = {
			isa = PBXGroup;
			children = (
				39FAE3F81B4FC558000506CC /* AppDelegate.h */,
				39FAE3F91B4FC558000506CC /* AppDelegate.m */,
				39FAE3FB1B4FC558000506CC /* TableViewController.h */,
				39FAE3FC1B4FC558000506CC /* TableViewController.m */,
				39FAE41A1B4FC744000506CC /* MPController */,
				39FAE4011B4FC558000506CC /* Images.xcassets */,
				39FAE4031B4FC558000506CC /* LaunchScreen.xib */,
				39FAE3F41B4FC558000506CC /* Supporting Files */,
			);
			path = musicPlayer;
			sourceTree = "<group>";
		};
		39FAE3F41B4FC558000506CC /* Supporting Files */ = {
			isa = PBXGroup;
			children = (
				39FAE41E1B4FCDB3000506CC /* 梁静茹 - 温柔.mp3 */,
				39FAE3F51B4FC558000506CC /* Info.plist */,
				39FAE3F61B4FC558000506CC /* main.m */,
			);
			name = "Supporting Files";
			sourceTree = "<group>";
		};
		39FAE40D1B4FC558000506CC /* musicPlayerTests */ = {
			isa = PBXGroup;
			children = (
				39FAE4101B4FC558000506CC /* musicPlayerTests.m */,
				39FAE40E1B4FC558000506CC /* Supporting Files */,
			);
			path = musicPlayerTests;
			sourceTree = "<group>";
		};
		39FAE40E1B4FC558000506CC /* Supporting Files */ = {
			isa = PBXGroup;
			children = (
				39FAE40F1B4FC558000506CC /* Info.plist */,
			);
			name = "Supporting Files";
			sourceTree = "<group>";
		};
		39FAE41A1B4FC744000506CC /* MPController */ = {
			isa = PBXGroup;
			children = (
				39FAE41B1B4FC7BF000506CC /* MPController.h */,
				39FAE41C1B4FC7BF000506CC /* MPController.m */,
			);
			name = MPController;
			sourceTree = "<group>";
		};
/* End PBXGroup section */

/* Begin PBXNativeTarget section */
		39FAE3F01B4FC558000506CC /* musicPlayer */ = {
			isa = PBXNativeTarget;
			buildConfigurationList = 39FAE4141B4FC558000506CC /* Build configuration list for PBXNativeTarget "musicPlayer" */;
			buildPhases = (
				39FAE3ED1B4FC558000506CC /* Sources */,
				39FAE3EE1B4FC558000506CC /* Frameworks */,
				39FAE3EF1B4FC558000506CC /* Resources */,
			);
			buildRules = (
			);
			dependencies = (
			);
			name = musicPlayer;
			productName = musicPlayer;
			productReference = 39FAE3F11B4FC558000506CC /* musicPlayer.app */;
			productType = "com.apple.product-type.application";
		};
		39FAE4091B4FC558000506CC /* musicPlayerTests */ = {
			isa = PBXNativeTarget;
			buildConfigurationList = 39FAE4171B4FC558000506CC /* Build configuration list for PBXNativeTarget "musicPlayerTests" */;
			buildPhases = (
				39FAE4061B4FC558000506CC /* Sources */,
				39FAE4071B4FC558000506CC /* Frameworks */,
				39FAE4081B4FC558000506CC /* Resources */,
			);
			buildRules = (
			);
			dependencies = (
				39FAE40C1B4FC558000506CC /* PBXTargetDependency */,
			);
			name = musicPlayerTests;
			productName = musicPlayerTests;
			productReference = 39FAE40A1B4FC558000506CC /* musicPlayerTests.xctest */;
			productType = "com.apple.product-type.bundle.unit-test";
		};
/* End PBXNativeTarget section */

/* Begin PBXProject section */
		39FAE3E91B4FC558000506CC /* Project object */ = {
			isa = PBXProject;
			attributes = {
				LastUpgradeCheck = 0630;
				ORGANIZATIONNAME = cn.coohua;
				TargetAttributes = {
					39FAE3F01B4FC558000506CC = {
						CreatedOnToolsVersion = 6.3.1;
					};
					39FAE4091B4FC558000506CC = {
						CreatedOnToolsVersion = 6.3.1;
						TestTargetID = 39FAE3F01B4FC558000506CC;
					};
				};
			};
			buildConfigurationList = 39FAE3EC1B4FC558000506CC /* Build configuration list for PBXProject "musicPlayer" */;
			compatibilityVersion = "Xcode 3.2";
			developmentRegion = English;
			hasScannedForEncodings = 0;
			knownRegions = (
				en,
				Base,
			);
			mainGroup = 39FAE3E81B4FC558000506CC;
			productRefGroup = 39FAE3F21B4FC558000506CC /* Products */;
			projectDirPath = "";
			projectRoot = "";
			targets = (
				39FAE3F01B4FC558000506CC /* musicPlayer */,
				39FAE4091B4FC558000506CC /* musicPlayerTests */,
			);
		};
/* End PBXProject section */

/* Begin PBXResourcesBuildPhase section */
		39FAE3EF1B4FC558000506CC /* Resources */ = {
			isa = PBXResourcesBuildPhase;
			buildActionMask = 2147483647;
			files = (
				39FAE4051B4FC558000506CC /* LaunchScreen.xib in Resources */,
				39FAE4021B4FC558000506CC /* Images.xcassets in Resources */,
				39FAE41F1B4FCDB3000506CC /* 梁静茹 - 温柔.mp3 in Resources */,
			);
			runOnlyForDeploymentPostprocessing = 0;
		};
		39FAE4081B4FC558000506CC /* Resources */ = {
			isa = PBXResourcesBuildPhase;
			buildActionMask = 2147483647;
			files = (
			);
			runOnlyForDeploymentPostprocessing = 0;
		};
/* End PBXResourcesBuildPhase section */

/* Begin PBXSourcesBuildPhase section */
		39FAE3ED1B4FC558000506CC /* Sources */ = {
			isa = PBXSourcesBuildPhase;
			buildActionMask = 2147483647;
			files = (
				39FAE3FD1B4FC558000506CC /* TableViewController.m in Sources */,
				39FAE3FA1B4FC558000506CC /* AppDelegate.m in Sources */,
				39FAE41D1B4FC7BF000506CC /* MPController.m in Sources */,
				39FAE3F71B4FC558000506CC /* main.m in Sources */,
			);
			runOnlyForDeploymentPostprocessing = 0;
		};
		39FAE4061B4FC558000506CC /* Sources */ = {
			isa = PBXSourcesBuildPhase;
			buildActionMask = 2147483647;
			files = (
				39FAE4111B4FC558000506CC /* musicPlayerTests.m in Sources */,
			);
			runOnlyForDeploymentPostprocessing = 0;
		};
/* End PBXSourcesBuildPhase section */

/* Begin PBXTargetDependency section */
		39FAE40C1B4FC558000506CC /* PBXTargetDependency */ = {
			isa = PBXTargetDependency;
			target = 39FAE3F01B4FC558000506CC /* musicPlayer */;
			targetProxy = 39FAE40B1B4FC558000506CC /* PBXContainerItemProxy */;
		};
/* End PBXTargetDependency section */

/* Begin PBXVariantGroup section */
		39FAE4031B4FC558000506CC /* LaunchScreen.xib */ = {
			isa = PBXVariantGroup;
			children = (
				39FAE4041B4FC558000506CC /* Base */,
			);
			name = LaunchScreen.xib;
			sourceTree = "<group>";
		};
/* End PBXVariantGroup section */

/* Begin XCBuildConfiguration section */
		39FAE4121B4FC558000506CC /* Debug */ = {
			isa = XCBuildConfiguration;
			buildSettings = {
				ALWAYS_SEARCH_USER_PATHS = NO;
				CLANG_CXX_LANGUAGE_STANDARD = "gnu++0x";
				CLANG_CXX_LIBRARY = "libc++";
				CLANG_ENABLE_MODULES = YES;
				CLANG_ENABLE_OBJC_ARC = YES;
				CLANG_WARN_BOOL_CONVERSION = YES;
				CLANG_WARN_CONSTANT_CONVERSION = YES;
				CLANG_WARN_DIRECT_OBJC_ISA_USAGE = YES_ERROR;
				CLANG_WARN_EMPTY_BODY = YES;
				CLANG_WARN_ENUM_CONVERSION = YES;
				CLANG_WARN_INT_CONVERSION = YES;
				CLANG_WARN_OBJC_ROOT_CLASS = YES_ERROR;
				CLANG_WARN_UNREACHABLE_CODE = YES;
				CLANG_WARN__DUPLICATE_METHOD_MATCH = YES;
				"CODE_SIGN_IDENTITY[sdk=iphoneos*]" = "iPhone Developer";
				COPY_PHASE_STRIP = NO;
				DEBUG_INFORMATION_FORMAT = "dwarf-with-dsym";
				ENABLE_STRICT_OBJC_MSGSEND = YES;
				GCC_C_LANGUAGE_STANDARD = gnu99;
				GCC_DYNAMIC_NO_PIC = NO;
				GCC_NO_COMMON_BLOCKS = YES;
				GCC_OPTIMIZATION_LEVEL = 0;
				GCC_PREPROCESSOR_DEFINITIONS = (
					"DEBUG=1",
					"$(inherited)",
				);
				GCC_SYMBOLS_PRIVATE_EXTERN = NO;
				GCC_WARN_64_TO_32_BIT_CONVERSION = YES;
				GCC_WARN_ABOUT_RETURN_TYPE = YES_ERROR;
				GCC_WARN_UNDECLARED_SELECTOR = YES;
				GCC_WARN_UNINITIALIZED_AUTOS = YES_AGGRESSIVE;
				GCC_WARN_UNUSED_FUNCTION = YES;
				GCC_WARN_UNUSED_VARIABLE = YES;
				IPHONEOS_DEPLOYMENT_TARGET = 8.3;
				MTL_ENABLE_DEBUG_INFO = YES;
				ONLY_ACTIVE_ARCH = YES;
				SDKROOT = iphoneos;
				TARGETED_DEVICE_FAMILY = "1,2";
			};
			name = Debug;
		};
		39FAE4131B4FC558000506CC /* Release */ = {
			isa = XCBuildConfiguration;
			buildSettings = {
				ALWAYS_SEARCH_USER_PATHS = NO;
				CLANG_CXX_LANGUAGE_STANDARD = "gnu++0x";
				CLANG_CXX_LIBRARY = "libc++";
				CLANG_ENABLE_MODULES = YES;
				CLANG_ENABLE_OBJC_ARC = YES;
				CLANG_WARN_BOOL_CONVERSION = YES;
				CLANG_WARN_CONSTANT_CONVERSION = YES;
				CLANG_WARN_DIRECT_OBJC_ISA_USAGE = YES_ERROR;
				CLANG_WARN_EMPTY_BODY = YES;
				CLANG_WARN_ENUM_CONVERSION = YES;
				CLANG_WARN_INT_CONVERSION = YES;
				CLANG_WARN_OBJC_ROOT_CLASS = YES_ERROR;
				CLANG_WARN_UNREACHABLE_CODE = YES;
				CLANG_WARN__DUPLICATE_METHOD_MATCH = YES;
				"CODE_SIGN_IDENTITY[sdk=iphoneos*]" = "iPhone Developer";
				COPY_PHASE_STRIP = NO;
				DEBUG_INFORMATION_FORMAT = "dwarf-with-dsym";
				ENABLE_NS_ASSERTIONS = NO;
				ENABLE_STRICT_OBJC_MSGSEND = YES;
				GCC_C_LANGUAGE_STANDARD = gnu99;
				GCC_NO_COMMON_BLOCKS = YES;
				GCC_WARN_64_TO_32_BIT_CONVERSION = YES;
				GCC_WARN_ABOUT_RETURN_TYPE = YES_ERROR;
				GCC_WARN_UNDECLARED_SELECTOR = YES;
				GCC_WARN_UNINITIALIZED_AUTOS = YES_AGGRESSIVE;
				GCC_WARN_UNUSED_FUNCTION = YES;
				GCC_WARN_UNUSED_VARIABLE = YES;
				IPHONEOS_DEPLOYMENT_TARGET = 8.3;
				MTL_ENABLE_DEBUG_INFO = NO;
				SDKROOT = iphoneos;
				TARGETED_DEVICE_FAMILY = "1,2";
				VALIDATE_PRODUCT = YES;
			};
			name = Release;
		};
		39FAE4151B4FC558000506CC /* Debug */ = {
			isa = XCBuildConfiguration;
			buildSettings = {
				ASSETCATALOG_COMPILER_APPICON_NAME = AppIcon;
				INFOPLIST_FILE = musicPlayer/Info.plist;
				LD_RUNPATH_SEARCH_PATHS = "$(inherited) @executable_path/Frameworks";
				PRODUCT_NAME = "$(TARGET_NAME)";
			};
			name = Debug;
		};
		39FAE4161B4FC558000506CC /* Release */ = {
			isa = XCBuildConfiguration;
			buildSettings = {
				ASSETCATALOG_COMPILER_APPICON_NAME = AppIcon;
				INFOPLIST_FILE = musicPlayer/Info.plist;
				LD_RUNPATH_SEARCH_PATHS = "$(inherited) @executable_path/Frameworks";
				PRODUCT_NAME = "$(TARGET_NAME)";
			};
			name = Release;
		};
		39FAE4181B4FC558000506CC /* Debug */ = {
			isa = XCBuildConfiguration;
			buildSettings = {
				BUNDLE_LOADER = "$(TEST_HOST)";
				FRAMEWORK_SEARCH_PATHS = (
					"$(SDKROOT)/Developer/Library/Frameworks",
					"$(inherited)",
				);
				GCC_PREPROCESSOR_DEFINITIONS = (
					"DEBUG=1",
					"$(inherited)",
				);
				INFOPLIST_FILE = musicPlayerTests/Info.plist;
				LD_RUNPATH_SEARCH_PATHS = "$(inherited) @executable_path/Frameworks @loader_path/Frameworks";
				PRODUCT_NAME = "$(TARGET_NAME)";
				TEST_HOST = "$(BUILT_PRODUCTS_DIR)/musicPlayer.app/musicPlayer";
			};
			name = Debug;
		};
		39FAE4191B4FC558000506CC /* Release */ = {
			isa = XCBuildConfiguration;
			buildSettings = {
				BUNDLE_LOADER = "$(TEST_HOST)";
				FRAMEWORK_SEARCH_PATHS = (
					"$(SDKROOT)/Developer/Library/Frameworks",
					"$(inherited)",
				);
				INFOPLIST_FILE = musicPlayerTests/Info.plist;
				LD_RUNPATH_SEARCH_PATHS = "$(inherited) @executable_path/Frameworks @loader_path/Frameworks";
				PRODUCT_NAME = "$(TARGET_NAME)";
				TEST_HOST = "$(BUILT_PRODUCTS_DIR)/musicPlayer.app/musicPlayer";
			};
			name = Release;
		};
/* End XCBuildConfiguration section */

/* Begin XCConfigurationList section */
		39FAE3EC1B4FC558000506CC /* Build configuration list for PBXProject "musicPlayer" */ = {
			isa = XCConfigurationList;
			buildConfigurations = (
				39FAE4121B4FC558000506CC /* Debug */,
				39FAE4131B4FC558000506CC /* Release */,
			);
			defaultConfigurationIsVisible = 0;
			defaultConfigurationName = Release;
		};
		39FAE4141B4FC558000506CC /* Build configuration list for PBXNativeTarget "musicPlayer" */ = {
			isa = XCConfigurationList;
			buildConfigurations = (
				39FAE4151B4FC558000506CC /* Debug */,
				39FAE4161B4FC558000506CC /* Release */,
			);
			defaultConfigurationIsVisible = 0;
			defaultConfigurationName = Release;
		};
		39FAE4171B4FC558000506CC /* Build configuration list for PBXNativeTarget "musicPlayerTests" */ = {
			isa = XCConfigurationList;
			buildConfigurations = (
				39FAE4181B4FC558000506CC /* Debug */,
				39FAE4191B4FC558000506CC /* Release */,
			);
			defaultConfigurationIsVisible = 0;
			defaultConfigurationName = Release;
		};
/* End XCConfigurationList section */
	};
	rootObject = 39FAE3E91B4FC558000506CC /* Project object */;
}
